
Microsoft Visual Studio Solution File, Format Version 12.00
# Visual Studio 15
VisualStudioVersion = 15.0.27703.2018
MinimumVisualStudioVersion = 10.0.40219.1
Project("{2150E333-8FDC-42A3-9474-1A3956D46DE8}") = "Solution Items", "Solution Items", "{A650F416-0B35-46B4-A951-7C56AB26749B}"
	ProjectSection(SolutionItems) = preProject
		Documentation.md = Documentation.md
		MyRuleSet.ruleset = MyRuleSet.ruleset
		MyTestRuleSet.ruleset = MyTestRuleSet.ruleset
		MyWebRuleSet.ruleset = MyWebRuleSet.ruleset
		README.md = README.md
	EndProjectSection
EndProject
Project("{9A19103F-16F7-4668-BE54-9A1E7A4F7556}") = "RtlTvMazeScraper.UI", "RtlTvMazeScraper.UI\RtlTvMazeScraper.UI.csproj", "{EBB11B1C-C277-47DA-A686-0F8301C284F1}"
EndProject
Project("{9A19103F-16F7-4668-BE54-9A1E7A4F7556}") = "RtlTvMazeScraper.Core", "RtlTvMazeScraper.Core\RtlTvMazeScraper.Core.csproj", "{CACFDCE0-7096-4580-BE15-AF3DA2A5AAE4}"
EndProject
Project("{9A19103F-16F7-4668-BE54-9A1E7A4F7556}") = "RtlTvMazeScraper.Infrastructure", "RtlTvMazeScraper.Infrastructure\RtlTvMazeScraper.Infrastructure.csproj", "{271730F8-730E-43F0-B893-4726F6D811DA}"
EndProject
Project("{9A19103F-16F7-4668-BE54-9A1E7A4F7556}") = "RtlTvMazeScraper.Core.Test", "RtlTvMazeScraper.Core.Test\RtlTvMazeScraper.Core.Test.csproj", "{2A16D067-52FF-439B-95DF-F2F7E8D7034B}"
EndProject
Project("{9A19103F-16F7-4668-BE54-9A1E7A4F7556}") = "RtlTvMazeScraper.UI.Test", "RtlTvMazeScraper.UI.Test\RtlTvMazeScraper.UI.Test.csproj", "{CF068B39-4BE3-4B4B-9BA8-ADC1DA618D71}"
EndProject
Project("{9A19103F-16F7-4668-BE54-9A1E7A4F7556}") = "RtlTvMazeScraper.Test.Mock", "RtlTvMazeScraper.Test.Mock\RtlTvMazeScraper.Test.Mock.csproj", "{B9522763-D06F-4A63-A6A1-7CF96A210B57}"
EndProject
Project("{9A19103F-16F7-4668-BE54-9A1E7A4F7556}") = "RtlTvMazeScraper.Infrastructure.Mongo", "RtlTvMazeScraper.Infrastructure.Mongo\RtlTvMazeScraper.Infrastructure.Mongo.csproj", "{CBFB5EAC-B62B-4038-ADAB-6FC5A6FAACDD}"
EndProject
Project("{9A19103F-16F7-4668-BE54-9A1E7A4F7556}") = "RtlTvMazeScraper.Infrastructure.Sql", "RtlTvMazeScraper.Infrastructure.Sql\RtlTvMazeScraper.Infrastructure.Sql.csproj", "{93EBC8FF-9D26-4706-BB9F-C40689E82B08}"
EndProject
Project("{2150E333-8FDC-42A3-9474-1A3956D46DE8}") = "Core", "Core", "{78C192DB-EDE2-4E0B-934F-8FED73DDB2C1}"
EndProject
Project("{2150E333-8FDC-42A3-9474-1A3956D46DE8}") = "Infrastructure", "Infrastructure", "{B11749B4-4E80-4707-A266-815168683DFA}"
EndProject
Project("{2150E333-8FDC-42A3-9474-1A3956D46DE8}") = "UI", "UI", "{2E372395-89F3-45FE-9542-8FDADD25475F}"
EndProject
Global
	GlobalSection(SolutionConfigurationPlatforms) = preSolution
		Debug|Any CPU = Debug|Any CPU
		Release|Any CPU = Release|Any CPU
	EndGlobalSection
	GlobalSection(ProjectConfigurationPlatforms) = postSolution
		{EBB11B1C-C277-47DA-A686-0F8301C284F1}.Debug|Any CPU.ActiveCfg = Debug|Any CPU
		{EBB11B1C-C277-47DA-A686-0F8301C284F1}.Debug|Any CPU.Build.0 = Debug|Any CPU
		{EBB11B1C-C277-47DA-A686-0F8301C284F1}.Release|Any CPU.ActiveCfg = Release|Any CPU
		{EBB11B1C-C277-47DA-A686-0F8301C284F1}.Release|Any CPU.Build.0 = Release|Any CPU
		{CACFDCE0-7096-4580-BE15-AF3DA2A5AAE4}.Debug|Any CPU.ActiveCfg = Debug|Any CPU
		{CACFDCE0-7096-4580-BE15-AF3DA2A5AAE4}.Debug|Any CPU.Build.0 = Debug|Any CPU
		{CACFDCE0-7096-4580-BE15-AF3DA2A5AAE4}.Release|Any CPU.ActiveCfg = Release|Any CPU
		{CACFDCE0-7096-4580-BE15-AF3DA2A5AAE4}.Release|Any CPU.Build.0 = Release|Any CPU
		{271730F8-730E-43F0-B893-4726F6D811DA}.Debug|Any CPU.ActiveCfg = Debug|Any CPU
		{271730F8-730E-43F0-B893-4726F6D811DA}.Debug|Any CPU.Build.0 = Debug|Any CPU
		{271730F8-730E-43F0-B893-4726F6D811DA}.Release|Any CPU.ActiveCfg = Release|Any CPU
		{271730F8-730E-43F0-B893-4726F6D811DA}.Release|Any CPU.Build.0 = Release|Any CPU
		{2A16D067-52FF-439B-95DF-F2F7E8D7034B}.Debug|Any CPU.ActiveCfg = Debug|Any CPU
		{2A16D067-52FF-439B-95DF-F2F7E8D7034B}.Debug|Any CPU.Build.0 = Debug|Any CPU
		{2A16D067-52FF-439B-95DF-F2F7E8D7034B}.Release|Any CPU.ActiveCfg = Release|Any CPU
		{2A16D067-52FF-439B-95DF-F2F7E8D7034B}.Release|Any CPU.Build.0 = Release|Any CPU
		{CF068B39-4BE3-4B4B-9BA8-ADC1DA618D71}.Debug|Any CPU.ActiveCfg = Debug|Any CPU
		{CF068B39-4BE3-4B4B-9BA8-ADC1DA618D71}.Debug|Any CPU.Build.0 = Debug|Any CPU
		{CF068B39-4BE3-4B4B-9BA8-ADC1DA618D71}.Release|Any CPU.ActiveCfg = Release|Any CPU
		{CF068B39-4BE3-4B4B-9BA8-ADC1DA618D71}.Release|Any CPU.Build.0 = Release|Any CPU
		{B9522763-D06F-4A63-A6A1-7CF96A210B57}.Debug|Any CPU.ActiveCfg = Debug|Any CPU
		{B9522763-D06F-4A63-A6A1-7CF96A210B57}.Debug|Any CPU.Build.0 = Debug|Any CPU
		{B9522763-D06F-4A63-A6A1-7CF96A210B57}.Release|Any CPU.ActiveCfg = Release|Any CPU
		{B9522763-D06F-4A63-A6A1-7CF96A210B57}.Release|Any CPU.Build.0 = Release|Any CPU
		{CBFB5EAC-B62B-4038-ADAB-6FC5A6FAACDD}.Debug|Any CPU.ActiveCfg = Debug|Any CPU
		{CBFB5EAC-B62B-4038-ADAB-6FC5A6FAACDD}.Debug|Any CPU.Build.0 = Debug|Any CPU
		{CBFB5EAC-B62B-4038-ADAB-6FC5A6FAACDD}.Release|Any CPU.ActiveCfg = Release|Any CPU
		{CBFB5EAC-B62B-4038-ADAB-6FC5A6FAACDD}.Release|Any CPU.Build.0 = Release|Any CPU
		{93EBC8FF-9D26-4706-BB9F-C40689E82B08}.Debug|Any CPU.ActiveCfg = Debug|Any CPU
		{93EBC8FF-9D26-4706-BB9F-C40689E82B08}.Debug|Any CPU.Build.0 = Debug|Any CPU
		{93EBC8FF-9D26-4706-BB9F-C40689E82B08}.Release|Any CPU.ActiveCfg = Release|Any CPU
		{93EBC8FF-9D26-4706-BB9F-C40689E82B08}.Release|Any CPU.Build.0 = Release|Any CPU
	EndGlobalSection
	GlobalSection(SolutionProperties) = preSolution
		HideSolutionNode = FALSE
	EndGlobalSection
	GlobalSection(NestedProjects) = preSolution
		{EBB11B1C-C277-47DA-A686-0F8301C284F1} = {2E372395-89F3-45FE-9542-8FDADD25475F}
		{CACFDCE0-7096-4580-BE15-AF3DA2A5AAE4} = {78C192DB-EDE2-4E0B-934F-8FED73DDB2C1}
		{271730F8-730E-43F0-B893-4726F6D811DA} = {B11749B4-4E80-4707-A266-815168683DFA}
		{2A16D067-52FF-439B-95DF-F2F7E8D7034B} = {78C192DB-EDE2-4E0B-934F-8FED73DDB2C1}
		{CF068B39-4BE3-4B4B-9BA8-ADC1DA618D71} = {2E372395-89F3-45FE-9542-8FDADD25475F}
		{B9522763-D06F-4A63-A6A1-7CF96A210B57} = {78C192DB-EDE2-4E0B-934F-8FED73DDB2C1}
		{CBFB5EAC-B62B-4038-ADAB-6FC5A6FAACDD} = {B11749B4-4E80-4707-A266-815168683DFA}
		{93EBC8FF-9D26-4706-BB9F-C40689E82B08} = {B11749B4-4E80-4707-A266-815168683DFA}
	EndGlobalSection
	GlobalSection(ExtensibilityGlobals) = postSolution
		SolutionGuid = {AC15AB9F-B23B-41D3-9698-30F9AC00AC2A}
	EndGlobalSection
EndGlobal
